PODS:
  - FBAudienceNetwork (6.21.0)
  - Flutter (1.0.0)
  - Google-Mobile-Ads-SDK (12.14.0):
    - GoogleUserMessagingPlatform (>= 1.1)
  - GoogleUserMessagingPlatform (3.1.0)
  - multi_ads_sdk (1.0.7):
    - FBAudienceNetwork (~> 6.16)
    - Flutter
    - Google-Mobile-Ads-SDK (~> 12.0)

DEPENDENCIES:
  - Flutter (from `Flutter`)
  - multi_ads_sdk (from `.symlinks/plugins/multi_ads_sdk/ios`)

SPEC REPOS:
  trunk:
    - FBAudienceNetwork
    - Google-Mobile-Ads-SDK
    - GoogleUserMessagingPlatform

EXTERNAL SOURCES:
  Flutter:
    :path: Flutter
  multi_ads_sdk:
    :path: ".symlinks/plugins/multi_ads_sdk/ios"

SPEC CHECKSUMS:
  FBAudienceNetwork: f4ab9e073ab98c884dbdb5ffe7c861272b380bc2
  Flutter: cabc95a1d2626b1b06e7179b784ebcf0c0cde467
  Google-Mobile-Ads-SDK: 4534fd2dfcd3f705c5485a6633c5188d03d4eed2
  GoogleUserMessagingPlatform: befe603da6501006420c206222acd449bba45a9c
  multi_ads_sdk: 03f8022fcd9bd3d6cd57fc761b28535347c3af2a

PODFILE CHECKSUM: a7d18637854637e4fed834cda39300d26a794491

COCOAPODS: 1.16.2
